<?xml version="1.0" encoding="utf-8"?>
<Project ToolsVersion="4.0" xmlns="http://schemas.microsoft.com/developer/msbuild/2003">
  <ItemGroup>
    <Filter Include="Resource Files">
      <UniqueIdentifier>{67DA6AB6-F800-4c08-8B7A-83BB121AAD01}</UniqueIdentifier>
      <Extensions>rc;ico;cur;bmp;dlg;rc2;rct;bin;rgs;gif;jpg;jpeg;jpe;resx;tiff;tif;png;wav;mfcribbon-ms</Extensions>
    </Filter>
    <Filter Include="Main">
      <UniqueIdentifier>{8c969f5e-8706-48b2-b56e-0e753e06239a}</UniqueIdentifier>
    </Filter>
    <Filter Include="Common">
      <UniqueIdentifier>{1a49c912-36a6-4b13-a795-8f4dc5f5f0c3}</UniqueIdentifier>
    </Filter>
    <Filter Include="HelpTool">
      <UniqueIdentifier>{408a4a1f-096a-4653-b980-b78f8c32eb47}</UniqueIdentifier>
    </Filter>
    <Filter Include="Server">
      <UniqueIdentifier>{4FC737F1-C7A5-4376-A066-2A32D752A2FF}</UniqueIdentifier>
      <Extensions>cpp;c;cc;cxx;def;odl;idl;hpj;bat;asm;asmx</Extensions>
    </Filter>
    <Filter Include="DataBase">
      <UniqueIdentifier>{c02585f9-3aae-45dd-bec8-acf3edbacccf}</UniqueIdentifier>
    </Filter>
    <Filter Include="Network">
      <UniqueIdentifier>{55017c49-8fc4-46b2-953d-f7c8550f8978}</UniqueIdentifier>
    </Filter>
    <Filter Include="Log">
      <UniqueIdentifier>{fe101ed9-5ff3-4790-a36a-e9719dd35bfc}</UniqueIdentifier>
    </Filter>
    <Filter Include="Queue">
      <UniqueIdentifier>{c0019b19-a1b9-4810-8e4a-1b30ca7c550e}</UniqueIdentifier>
    </Filter>
  </ItemGroup>
  <ItemGroup>
    <ClCompile Include="..\HelpTool\HelpTool.cpp">
      <Filter>HelpTool</Filter>
    </ClCompile>
    <ClCompile Include="..\Common\Log.cpp">
      <Filter>Common</Filter>
    </ClCompile>
    <ClCompile Include="..\Server\BGServer.cpp">
      <Filter>Server</Filter>
    </ClCompile>
    <ClCompile Include="..\Server\BGServerError.cpp">
      <Filter>Server</Filter>
    </ClCompile>
    <ClCompile Include="..\Server\BGWorkerThread.cpp">
      <Filter>Server</Filter>
    </ClCompile>
    <ClCompile Include="..\BGServerMain.cpp">
      <Filter>Main</Filter>
    </ClCompile>
    <ClCompile Include="..\DataBase\DataBase.cpp">
      <Filter>DataBase</Filter>
    </ClCompile>
    <ClCompile Include="..\DataBase\MySQL.cpp">
      <Filter>DataBase</Filter>
    </ClCompile>
    <ClCompile Include="..\Server\BGBrokerThread.cpp">
      <Filter>Server</Filter>
    </ClCompile>
    <ClCompile Include="..\Common\BGLog.cpp">
      <Filter>Log</Filter>
    </ClCompile>
    <ClCompile Include="..\Server\DBQueue.cpp">
      <Filter>Queue</Filter>
    </ClCompile>
    <ClCompile Include="..\Server\BGException.cpp">
      <Filter>Server</Filter>
    </ClCompile>
  </ItemGroup>
  <ItemGroup>
    <ClInclude Include="..\Common\Common.h">
      <Filter>Common</Filter>
    </ClInclude>
    <ClInclude Include="..\Common\Log.h">
      <Filter>Common</Filter>
    </ClInclude>
    <ClInclude Include="..\Common\Type.h">
      <Filter>Common</Filter>
    </ClInclude>
    <ClInclude Include="..\HelpTool\HelpTool.h">
      <Filter>HelpTool</Filter>
    </ClInclude>
    <ClInclude Include="..\DataBase\DataBase.h">
      <Filter>DataBase</Filter>
    </ClInclude>
    <ClInclude Include="..\DataBase\DataBaseType.h">
      <Filter>DataBase</Filter>
    </ClInclude>
    <ClInclude Include="..\Server\BGWorkerThread.h">
      <Filter>Server</Filter>
    </ClInclude>
    <ClInclude Include="..\Server\BGServer.h">
      <Filter>Server</Filter>
    </ClInclude>
    <ClInclude Include="..\Server\BGServerError.h">
      <Filter>Server</Filter>
    </ClInclude>
    <ClInclude Include="..\Server\BGServerStruct.h">
      <Filter>Server</Filter>
    </ClInclude>
    <ClInclude Include="..\Server\BGWorkerStruct.h">
      <Filter>Server</Filter>
    </ClInclude>
    <ClInclude Include="..\Server\Protocol.h">
      <Filter>Network</Filter>
    </ClInclude>
    <ClInclude Include="..\DataBase\MySQL.h">
      <Filter>DataBase</Filter>
    </ClInclude>
    <ClInclude Include="..\Server\BGBrokerThread.h">
      <Filter>Server</Filter>
    </ClInclude>
    <ClInclude Include="..\Server\BGSpinLock.h">
      <Filter>Server</Filter>
    </ClInclude>
    <ClInclude Include="..\Common\BGLog.h">
      <Filter>Log</Filter>
    </ClInclude>
    <ClInclude Include="..\Server\DBQueue.h">
      <Filter>Queue</Filter>
    </ClInclude>
    <ClInclude Include="..\Server\BGException.h">
      <Filter>Server</Filter>
    </ClInclude>
  </ItemGroup>
</Project>